
Microsoft Visual Studio Solution File, Format Version 12.00
# Visual Studio Version 17
VisualStudioVersion = 17.13.35825.156 d17.13
MinimumVisualStudioVersion = 10.0.40219.1
Project("{FAE04EC0-301F-11D3-BF4B-00C04F79EFBC}") = "DevOps", "DevOps\DevOps.csproj", "{115B4C79-B510-49E2-B57B-A9C78D4D989C}"
EndProject
Global
	GlobalSection(SolutionConfigurationPlatforms) = preSolution
		Debug|Any CPU = Debug|Any CPU
		Release|Any CPU = Release|Any CPU
	EndGlobalSection
	GlobalSection(ProjectConfigurationPlatforms) = postSolution
		{115B4C79-B510-49E2-B57B-A9C78D4D989C}.Debug|Any CPU.ActiveCfg = Debug|Any CPU
		{115B4C79-B510-49E2-B57B-A9C78D4D989C}.Debug|Any CPU.Build.0 = Debug|Any CPU
		{115B4C79-B510-49E2-B57B-A9C78D4D989C}.Release|Any CPU.ActiveCfg = Release|Any CPU
		{115B4C79-B510-49E2-B57B-A9C78D4D989C}.Release|Any CPU.Build.0 = Release|Any CPU
	EndGlobalSection
	GlobalSection(SolutionProperties) = preSolution
		HideSolutionNode = FALSE
	EndGlobalSection
	GlobalSection(ExtensibilityGlobals) = postSolution
		SolutionGuid = {F33D44FA-DFFE-4FA3-B818-452E7B3E6F31}
	EndGlobalSection
EndGlobal
